# This file is automatically @generated by Cargo.
# It is not intended for manual editing.
[[package]]
name = "bootloader"
version = "0.9.23"
source = "registry+https://github.com/rust-lang/crates.io-index"

[[package]]
name = "mos"
version = "0.1.0"
dependencies = [
 "bootloader 0.9.23 (registry+https://github.com/rust-lang/crates.io-index)",
]

[metadata]
"checksum bootloader 0.9.23 (registry+https://github.com/rust-lang/crates.io-index)" = "b6e02311b16c9819e7c72866d379cdd3026c3b7b25c1edf161f548f8e887e7ff"
